// !$*UTF8*$!
{
	archiveVersion = 1;
	classes = {
	};
	objectVersion = 46;
	objects = {

/* Begin PBXBuildFile section */
		573C2FB2B606C84EAE5C485E /* Pods_JPSUITests.framework in Frameworks */ = {isa = PBXBuildFile; fileRef = 55F09EAA61A210CCD095D658 /* Pods_JPSUITests.framework */; };
		660451931EE828770046828C /* Activity.xib in Resources */ = {isa = PBXBuildFile; fileRef = 660451921EE828770046828C /* Activity.xib */; };
		660451961EE829E30046828C /* work.png in Resources */ = {isa = PBXBuildFile; fileRef = 660451941EE829E30046828C /* work.png */; };
		660451971EE829E30046828C /* sleep.png in Resources */ = {isa = PBXBuildFile; fileRef = 660451951EE829E30046828C /* sleep.png */; };
		660451991EE82B880046828C /* AcViewCon.swift in Sources */ = {isa = PBXBuildFile; fileRef = 660451981EE82B880046828C /* AcViewCon.swift */; };
		66134A9C1F20B5B900A891DA /* Main.xib in Resources */ = {isa = PBXBuildFile; fileRef = 66134A981F20B5B900A891DA /* Main.xib */; };
		66134A9D1F20B5B900A891DA /* MenuBar.swift in Sources */ = {isa = PBXBuildFile; fileRef = 66134A991F20B5B900A891DA /* MenuBar.swift */; };
		66134A9E1F20B5B900A891DA /* MenuBarVC.swift in Sources */ = {isa = PBXBuildFile; fileRef = 66134A9A1F20B5B900A891DA /* MenuBarVC.swift */; };
		66134A9F1F20B5B900A891DA /* EventMonitoring.swift in Sources */ = {isa = PBXBuildFile; fileRef = 66134A9B1F20B5B900A891DA /* EventMonitoring.swift */; };
		663FB5EA1EA8BFE500426126 /* LogOut.xib in Resources */ = {isa = PBXBuildFile; fileRef = 663FB5E91EA8BFE500426126 /* LogOut.xib */; };
		663FB5EC1EA8C38F00426126 /* exit-button-icon-18.png in Resources */ = {isa = PBXBuildFile; fileRef = 663FB5EB1EA8C38F00426126 /* exit-button-icon-18.png */; };
		6654E4C81EF65452003608E9 /* inactive.png in Resources */ = {isa = PBXBuildFile; fileRef = 6654E4C71EF65452003608E9 /* inactive.png */; };
		6654E4CA1EF657F4003608E9 /* study.png in Resources */ = {isa = PBXBuildFile; fileRef = 6654E4C91EF657F4003608E9 /* study.png */; };
		6654E4CE1EF6E10D003608E9 /* sl_bg.jpg in Resources */ = {isa = PBXBuildFile; fileRef = 6654E4CD1EF6E10D003608E9 /* sl_bg.jpg */; };
		666730BB1E8C42B5003F40C4 /* Pref.swift in Sources */ = {isa = PBXBuildFile; fileRef = 666730B91E8C42B5003F40C4 /* Pref.swift */; };
		666730BC1E8C42B5003F40C4 /* Pref.xib in Resources */ = {isa = PBXBuildFile; fileRef = 666730BA1E8C42B5003F40C4 /* Pref.xib */; };
		66795A791E980A86009A0089 /* Upload.xib in Resources */ = {isa = PBXBuildFile; fileRef = 66795A781E980A86009A0089 /* Upload.xib */; };
		667C4B391EADFD9B0030257B /* close.png in Resources */ = {isa = PBXBuildFile; fileRef = 667C4B381EADFD9B0030257B /* close.png */; };
		6683A4701EA758BA003461A8 /* dataRetro.swift in Sources */ = {isa = PBXBuildFile; fileRef = 6683A46F1EA758BA003461A8 /* dataRetro.swift */; };
		6683A4B51EA7B7F9003461A8 /* collec.png in Resources */ = {isa = PBXBuildFile; fileRef = 6683A4B41EA7B7F9003461A8 /* collec.png */; };
		6683A4B71EA7B81D003461A8 /* logo v2-t.ico in Resources */ = {isa = PBXBuildFile; fileRef = 6683A4B61EA7B81D003461A8 /* logo v2-t.ico */; };
		6687A1101E830580004554AE /* AppDelegate.swift in Sources */ = {isa = PBXBuildFile; fileRef = 6687A10F1E830580004554AE /* AppDelegate.swift */; };
		6687A1121E830581004554AE /* Assets.xcassets in Resources */ = {isa = PBXBuildFile; fileRef = 6687A1111E830581004554AE /* Assets.xcassets */; };
		6687A1151E830581004554AE /* MainMenu.xib in Resources */ = {isa = PBXBuildFile; fileRef = 6687A1131E830581004554AE /* MainMenu.xib */; };
		6687A1201E830582004554AE /* JPSTests.swift in Sources */ = {isa = PBXBuildFile; fileRef = 6687A11F1E830582004554AE /* JPSTests.swift */; };
		6687A12B1E830583004554AE /* JPSUITests.swift in Sources */ = {isa = PBXBuildFile; fileRef = 6687A12A1E830583004554AE /* JPSUITests.swift */; };
		668CD41E1EB1E9850047AAEF /* General.xib in Resources */ = {isa = PBXBuildFile; fileRef = 668CD41D1EB1E9850047AAEF /* General.xib */; };
		668CD4211EB1F07C0047AAEF /* mbap.png in Resources */ = {isa = PBXBuildFile; fileRef = 668CD4201EB1F07C0047AAEF /* mbap.png */; };
		668CD4241EB215100047AAEF /* about.swift in Sources */ = {isa = PBXBuildFile; fileRef = 668CD4221EB215100047AAEF /* about.swift */; };
		668CD4251EB215100047AAEF /* about.xib in Resources */ = {isa = PBXBuildFile; fileRef = 668CD4231EB215100047AAEF /* about.xib */; };
		668CD4281EB220D60047AAEF /* bgAbout.png in Resources */ = {isa = PBXBuildFile; fileRef = 668CD4271EB220D60047AAEF /* bgAbout.png */; };
		668CD42C1EB240F70047AAEF /* icon.png in Resources */ = {isa = PBXBuildFile; fileRef = 668CD42B1EB240F70047AAEF /* icon.png */; };
		669CD5501E885ABD00A0E9FB /* WorkingClass.swift in Sources */ = {isa = PBXBuildFile; fileRef = 669CD54F1E885ABD00A0E9FB /* WorkingClass.swift */; };
		669CD5521E885F6400A0E9FB /* Studying.swift in Sources */ = {isa = PBXBuildFile; fileRef = 669CD5511E885F6400A0E9FB /* Studying.swift */; };
		669CD5541E88623F00A0E9FB /* Inactive.swift in Sources */ = {isa = PBXBuildFile; fileRef = 669CD5531E88623F00A0E9FB /* Inactive.swift */; };
		66BB826F1EDF0ED3001157F6 /* Juveni.swift in Sources */ = {isa = PBXBuildFile; fileRef = 66BB826E1EDF0ED3001157F6 /* Juveni.swift */; };
		66BB82721EDF0F62001157F6 /* sideBar.swift in Sources */ = {isa = PBXBuildFile; fileRef = 66BB82701EDF0F62001157F6 /* sideBar.swift */; };
		66BB82731EDF0F62001157F6 /* JVc.swift in Sources */ = {isa = PBXBuildFile; fileRef = 66BB82711EDF0F62001157F6 /* JVc.swift */; };
		66BB82751EDF0FB4001157F6 /* TableController.swift in Sources */ = {isa = PBXBuildFile; fileRef = 66BB82741EDF0FB4001157F6 /* TableController.swift */; };
		66BB827B1EDF1156001157F6 /* sideBar.xib in Resources */ = {isa = PBXBuildFile; fileRef = 66BB82771EDF1156001157F6 /* sideBar.xib */; };
		66BB827C1EDF1156001157F6 /* MostProductiveDay.xib in Resources */ = {isa = PBXBuildFile; fileRef = 66BB82781EDF1156001157F6 /* MostProductiveDay.xib */; };
		66BB827D1EDF1156001157F6 /* MostProductiveDay.storyboard in Resources */ = {isa = PBXBuildFile; fileRef = 66BB82791EDF1156001157F6 /* MostProductiveDay.storyboard */; };
		66BB827E1EDF1156001157F6 /* detail.xib in Resources */ = {isa = PBXBuildFile; fileRef = 66BB827A1EDF1156001157F6 /* detail.xib */; };
		66BB82851EDF11AF001157F6 /* el.png in Resources */ = {isa = PBXBuildFile; fileRef = 66BB82801EDF11AF001157F6 /* el.png */; };
		66BB82861EDF11AF001157F6 /* graphup.png in Resources */ = {isa = PBXBuildFile; fileRef = 66BB82811EDF11AF001157F6 /* graphup.png */; };
		66BB82871EDF11AF001157F6 /* leader.png in Resources */ = {isa = PBXBuildFile; fileRef = 66BB82821EDF11AF001157F6 /* leader.png */; };
		66BB82881EDF11AF001157F6 /* trophy.png in Resources */ = {isa = PBXBuildFile; fileRef = 66BB82831EDF11AF001157F6 /* trophy.png */; };
		66BB82891EDF11AF001157F6 /* yearly.png in Resources */ = {isa = PBXBuildFile; fileRef = 66BB82841EDF11AF001157F6 /* yearly.png */; };
		66BB828F1EDF15AD001157F6 /* Working.xib in Resources */ = {isa = PBXBuildFile; fileRef = 66BB828B1EDF15AD001157F6 /* Working.xib */; };
		66BB82901EDF15AD001157F6 /* Inactive.xib in Resources */ = {isa = PBXBuildFile; fileRef = 66BB828C1EDF15AD001157F6 /* Inactive.xib */; };
		66BB82911EDF15AD001157F6 /* Sleeping.xib in Resources */ = {isa = PBXBuildFile; fileRef = 66BB828D1EDF15AD001157F6 /* Sleeping.xib */; };
		66BB82921EDF15AD001157F6 /* Studying.xib in Resources */ = {isa = PBXBuildFile; fileRef = 66BB828E1EDF15AD001157F6 /* Studying.xib */; };
		66BBEC3C1F0BAA5C006232C0 /* Wyd.swift in Sources */ = {isa = PBXBuildFile; fileRef = 66BBEC3B1F0BAA5C006232C0 /* Wyd.swift */; };
		66C595871F2206B400177506 /* MBActivityHandler.swift in Sources */ = {isa = PBXBuildFile; fileRef = 66C595851F2206B400177506 /* MBActivityHandler.swift */; };
		66C595881F2206B400177506 /* mbdata.json in Resources */ = {isa = PBXBuildFile; fileRef = 66C595861F2206B400177506 /* mbdata.json */; };
		66C5958A1F2229B800177506 /* MBmainView.swift in Sources */ = {isa = PBXBuildFile; fileRef = 66C595891F2229B800177506 /* MBmainView.swift */; };
		66C5958E1F224CC000177506 /* loading.gif in Resources */ = {isa = PBXBuildFile; fileRef = 66C5958D1F224CC000177506 /* loading.gif */; };
		66D4AC451E85265A007B340C /* SleepHandler.swift in Sources */ = {isa = PBXBuildFile; fileRef = 66D4AC441E85265A007B340C /* SleepHandler.swift */; };
		66D4AC471E85AA34007B340C /* userHandler.swift in Sources */ = {isa = PBXBuildFile; fileRef = 66D4AC461E85AA34007B340C /* userHandler.swift */; };
		66EE5D9D1F1CBF4A0025DA0E /* leaderboard.xib in Resources */ = {isa = PBXBuildFile; fileRef = 66EE5D9C1F1CBF4A0025DA0E /* leaderboard.xib */; };
		66EE5D9F1F1CC1560025DA0E /* dummy.png in Resources */ = {isa = PBXBuildFile; fileRef = 66EE5D9E1F1CC1560025DA0E /* dummy.png */; };
		66EE5DA31F1CF5E70025DA0E /* Leaderboard.swift in Sources */ = {isa = PBXBuildFile; fileRef = 66EE5DA21F1CF5E70025DA0E /* Leaderboard.swift */; };
		66EF456E1E96A81D00DFFFC7 /* ViewController.swift in Sources */ = {isa = PBXBuildFile; fileRef = 66EF456C1E96A81D00DFFFC7 /* ViewController.swift */; };
		66EF45711E96AA7300DFFFC7 /* Updates.xib in Resources */ = {isa = PBXBuildFile; fileRef = 66EF45701E96AA7300DFFFC7 /* Updates.xib */; };
		BBA034282FD97694C95BFE6D /* Pods_JPS.framework in Frameworks */ = {isa = PBXBuildFile; fileRef = A8E49087041357F36B9A55CD /* Pods_JPS.framework */; };
		CAD89FE87E66EDCBF9713A1B /* jinfo.json in Resources */ = {isa = PBXBuildFile; fileRef = CAD8983AD78026C73E38D0C1 /* jinfo.json */; };
		D0BC8AEC9714AEBF867B5A8D /* Pods_JPSTests.framework in Frameworks */ = {isa = PBXBuildFile; fileRef = 955E039EB9915FD9A15CE9DE /* Pods_JPSTests.framework */; };
/* End PBXBuildFile section */

/* Begin PBXContainerItemProxy section */
		6687A11C1E830582004554AE /* PBXContainerItemProxy */ = {
			isa = PBXContainerItemProxy;
			containerPortal = 6687A1041E83057F004554AE /* Project object */;
			proxyType = 1;
			remoteGlobalIDString = 6687A10B1E83057F004554AE;
			remoteInfo = JPS;
		};
		6687A1271E830582004554AE /* PBXContainerItemProxy */ = {
			isa = PBXContainerItemProxy;
			containerPortal = 6687A1041E83057F004554AE /* Project object */;
			proxyType = 1;
			remoteGlobalIDString = 6687A10B1E83057F004554AE;
			remoteInfo = JPS;
		};
/* End PBXContainerItemProxy section */

/* Begin PBXFileReference section */
		53487EE9FD503874D52F9349 /* Pods-JPSUITests.release.xcconfig */ = {isa = PBXFileReference; includeInIndex = 1; lastKnownFileType = text.xcconfig; name = "Pods-JPSUITests.release.xcconfig"; path = "Pods/Target Support Files/Pods-JPSUITests/Pods-JPSUITests.release.xcconfig"; sourceTree = "<group>"; };
		55F09EAA61A210CCD095D658 /* Pods_JPSUITests.framework */ = {isa = PBXFileReference; explicitFileType = wrapper.framework; includeInIndex = 0; path = Pods_JPSUITests.framework; sourceTree = BUILT_PRODUCTS_DIR; };
		5F36B87D7FDD99569B95AF00 /* Pods-JPS.debug.xcconfig */ = {isa = PBXFileReference; includeInIndex = 1; lastKnownFileType = text.xcconfig; name = "Pods-JPS.debug.xcconfig"; path = "Pods/Target Support Files/Pods-JPS/Pods-JPS.debug.xcconfig"; sourceTree = "<group>"; };
		660451921EE828770046828C /* Activity.xib */ = {isa = PBXFileReference; fileEncoding = 4; lastKnownFileType = file.xib; path = Activity.xib; sourceTree = "<group>"; };
		660451941EE829E30046828C /* work.png */ = {isa = PBXFileReference; lastKnownFileType = image.png; path = work.png; sourceTree = "<group>"; };
		660451951EE829E30046828C /* sleep.png */ = {isa = PBXFileReference; lastKnownFileType = image.png; path = sleep.png; sourceTree = "<group>"; };
		660451981EE82B880046828C /* AcViewCon.swift */ = {isa = PBXFileReference; fileEncoding = 4; lastKnownFileType = sourcecode.swift; path = AcViewCon.swift; sourceTree = "<group>"; };
		66134A981F20B5B900A891DA /* Main.xib */ = {isa = PBXFileReference; fileEncoding = 4; lastKnownFileType = file.xib; path = Main.xib; sourceTree = "<group>"; };
		66134A991F20B5B900A891DA /* MenuBar.swift */ = {isa = PBXFileReference; fileEncoding = 4; lastKnownFileType = sourcecode.swift; path = MenuBar.swift; sourceTree = "<group>"; };
		66134A9A1F20B5B900A891DA /* MenuBarVC.swift */ = {isa = PBXFileReference; fileEncoding = 4; lastKnownFileType = sourcecode.swift; path = MenuBarVC.swift; sourceTree = "<group>"; };
		66134A9B1F20B5B900A891DA /* EventMonitoring.swift */ = {isa = PBXFileReference; fileEncoding = 4; lastKnownFileType = sourcecode.swift; path = EventMonitoring.swift; sourceTree = "<group>"; };
		663FB5E91EA8BFE500426126 /* LogOut.xib */ = {isa = PBXFileReference; fileEncoding = 4; lastKnownFileType = file.xib; path = LogOut.xib; sourceTree = "<group>"; };
		663FB5EB1EA8C38F00426126 /* exit-button-icon-18.png */ = {isa = PBXFileReference; lastKnownFileType = image.png; path = "exit-button-icon-18.png"; sourceTree = "<group>"; };
		6654E4C71EF65452003608E9 /* inactive.png */ = {isa = PBXFileReference; lastKnownFileType = image.png; path = inactive.png; sourceTree = "<group>"; };
		6654E4C91EF657F4003608E9 /* study.png */ = {isa = PBXFileReference; lastKnownFileType = image.png; path = study.png; sourceTree = "<group>"; };
		6654E4CD1EF6E10D003608E9 /* sl_bg.jpg */ = {isa = PBXFileReference; lastKnownFileType = image.jpeg; path = sl_bg.jpg; sourceTree = "<group>"; };
		666730B91E8C42B5003F40C4 /* Pref.swift */ = {isa = PBXFileReference; fileEncoding = 4; lastKnownFileType = sourcecode.swift; path = Pref.swift; sourceTree = "<group>"; };
		666730BA1E8C42B5003F40C4 /* Pref.xib */ = {isa = PBXFileReference; fileEncoding = 4; lastKnownFileType = file.xib; path = Pref.xib; sourceTree = "<group>"; };
		666730BD1E8C55AA003F40C4 /* JPS.entitlements */ = {isa = PBXFileReference; lastKnownFileType = text.xml; path = JPS.entitlements; sourceTree = "<group>"; };
		66795A781E980A86009A0089 /* Upload.xib */ = {isa = PBXFileReference; fileEncoding = 4; lastKnownFileType = file.xib; path = Upload.xib; sourceTree = "<group>"; };
		667C4B381EADFD9B0030257B /* close.png */ = {isa = PBXFileReference; lastKnownFileType = image.png; path = close.png; sourceTree = "<group>"; };
		6683A46F1EA758BA003461A8 /* dataRetro.swift */ = {isa = PBXFileReference; fileEncoding = 4; lastKnownFileType = sourcecode.swift; path = dataRetro.swift; sourceTree = "<group>"; };
		6683A4B41EA7B7F9003461A8 /* collec.png */ = {isa = PBXFileReference; lastKnownFileType = image.png; path = collec.png; sourceTree = "<group>"; };
		6683A4B61EA7B81D003461A8 /* logo v2-t.ico */ = {isa = PBXFileReference; lastKnownFileType = image.ico; path = "logo v2-t.ico"; sourceTree = "<group>"; };
		6687A10C1E830580004554AE /* JPS.app */ = {isa = PBXFileReference; explicitFileType = wrapper.application; includeInIndex = 0; path = JPS.app; sourceTree = BUILT_PRODUCTS_DIR; };
		6687A10F1E830580004554AE /* AppDelegate.swift */ = {isa = PBXFileReference; lastKnownFileType = sourcecode.swift; path = AppDelegate.swift; sourceTree = "<group>"; };
		6687A1111E830581004554AE /* Assets.xcassets */ = {isa = PBXFileReference; lastKnownFileType = folder.assetcatalog; path = Assets.xcassets; sourceTree = "<group>"; };
		6687A1141E830581004554AE /* Base */ = {isa = PBXFileReference; lastKnownFileType = file.xib; name = Base; path = Base.lproj/MainMenu.xib; sourceTree = "<group>"; };
		6687A1161E830581004554AE /* Info.plist */ = {isa = PBXFileReference; lastKnownFileType = text.plist.xml; path = Info.plist; sourceTree = "<group>"; };
		6687A11B1E830582004554AE /* JPSTests.xctest */ = {isa = PBXFileReference; explicitFileType = wrapper.cfbundle; includeInIndex = 0; path = JPSTests.xctest; sourceTree = BUILT_PRODUCTS_DIR; };
		6687A11F1E830582004554AE /* JPSTests.swift */ = {isa = PBXFileReference; lastKnownFileType = sourcecode.swift; path = JPSTests.swift; sourceTree = "<group>"; };
		6687A1211E830582004554AE /* Info.plist */ = {isa = PBXFileReference; lastKnownFileType = text.plist.xml; path = Info.plist; sourceTree = "<group>"; };
		6687A1261E830582004554AE /* JPSUITests.xctest */ = {isa = PBXFileReference; explicitFileType = wrapper.cfbundle; includeInIndex = 0; path = JPSUITests.xctest; sourceTree = BUILT_PRODUCTS_DIR; };
		6687A12A1E830583004554AE /* JPSUITests.swift */ = {isa = PBXFileReference; lastKnownFileType = sourcecode.swift; path = JPSUITests.swift; sourceTree = "<group>"; };
		6687A12C1E830583004554AE /* Info.plist */ = {isa = PBXFileReference; lastKnownFileType = text.plist.xml; path = Info.plist; sourceTree = "<group>"; };
		668CD41D1EB1E9850047AAEF /* General.xib */ = {isa = PBXFileReference; fileEncoding = 4; lastKnownFileType = file.xib; path = General.xib; sourceTree = "<group>"; };
		668CD4201EB1F07C0047AAEF /* mbap.png */ = {isa = PBXFileReference; lastKnownFileType = image.png; path = mbap.png; sourceTree = "<group>"; };
		668CD4221EB215100047AAEF /* about.swift */ = {isa = PBXFileReference; fileEncoding = 4; lastKnownFileType = sourcecode.swift; path = about.swift; sourceTree = "<group>"; };
		668CD4231EB215100047AAEF /* about.xib */ = {isa = PBXFileReference; fileEncoding = 4; lastKnownFileType = file.xib; path = about.xib; sourceTree = "<group>"; };
		668CD4271EB220D60047AAEF /* bgAbout.png */ = {isa = PBXFileReference; lastKnownFileType = image.png; path = bgAbout.png; sourceTree = "<group>"; };
		668CD42B1EB240F70047AAEF /* icon.png */ = {isa = PBXFileReference; lastKnownFileType = image.png; path = icon.png; sourceTree = "<group>"; };
		669CD54F1E885ABD00A0E9FB /* WorkingClass.swift */ = {isa = PBXFileReference; fileEncoding = 4; lastKnownFileType = sourcecode.swift; path = WorkingClass.swift; sourceTree = "<group>"; };
		669CD5511E885F6400A0E9FB /* Studying.swift */ = {isa = PBXFileReference; fileEncoding = 4; lastKnownFileType = sourcecode.swift; path = Studying.swift; sourceTree = "<group>"; };
		669CD5531E88623F00A0E9FB /* Inactive.swift */ = {isa = PBXFileReference; fileEncoding = 4; lastKnownFileType = sourcecode.swift; path = Inactive.swift; sourceTree = "<group>"; };
		66BB826E1EDF0ED3001157F6 /* Juveni.swift */ = {isa = PBXFileReference; fileEncoding = 4; lastKnownFileType = sourcecode.swift; path = Juveni.swift; sourceTree = "<group>"; };
		66BB82701EDF0F62001157F6 /* sideBar.swift */ = {isa = PBXFileReference; fileEncoding = 4; lastKnownFileType = sourcecode.swift; path = sideBar.swift; sourceTree = "<group>"; };
		66BB82711EDF0F62001157F6 /* JVc.swift */ = {isa = PBXFileReference; fileEncoding = 4; lastKnownFileType = sourcecode.swift; path = JVc.swift; sourceTree = "<group>"; };
		66BB82741EDF0FB4001157F6 /* TableController.swift */ = {isa = PBXFileReference; fileEncoding = 4; lastKnownFileType = sourcecode.swift; path = TableController.swift; sourceTree = "<group>"; };
		66BB82771EDF1156001157F6 /* sideBar.xib */ = {isa = PBXFileReference; fileEncoding = 4; lastKnownFileType = file.xib; path = sideBar.xib; sourceTree = "<group>"; };
		66BB82781EDF1156001157F6 /* MostProductiveDay.xib */ = {isa = PBXFileReference; fileEncoding = 4; lastKnownFileType = file.xib; path = MostProductiveDay.xib; sourceTree = "<group>"; };
		66BB82791EDF1156001157F6 /* MostProductiveDay.storyboard */ = {isa = PBXFileReference; fileEncoding = 4; lastKnownFileType = file.storyboard; path = MostProductiveDay.storyboard; sourceTree = "<group>"; };
		66BB827A1EDF1156001157F6 /* detail.xib */ = {isa = PBXFileReference; fileEncoding = 4; lastKnownFileType = file.xib; path = detail.xib; sourceTree = "<group>"; };
		66BB82801EDF11AF001157F6 /* el.png */ = {isa = PBXFileReference; lastKnownFileType = image.png; path = el.png; sourceTree = "<group>"; };
		66BB82811EDF11AF001157F6 /* graphup.png */ = {isa = PBXFileReference; lastKnownFileType = image.png; path = graphup.png; sourceTree = "<group>"; };
		66BB82821EDF11AF001157F6 /* leader.png */ = {isa = PBXFileReference; lastKnownFileType = image.png; path = leader.png; sourceTree = "<group>"; };
		66BB82831EDF11AF001157F6 /* trophy.png */ = {isa = PBXFileReference; lastKnownFileType = image.png; path = trophy.png; sourceTree = "<group>"; };
		66BB82841EDF11AF001157F6 /* yearly.png */ = {isa = PBXFileReference; lastKnownFileType = image.png; path = yearly.png; sourceTree = "<group>"; };
		66BB828B1EDF15AD001157F6 /* Working.xib */ = {isa = PBXFileReference; fileEncoding = 4; lastKnownFileType = file.xib; path = Working.xib; sourceTree = "<group>"; };
		66BB828C1EDF15AD001157F6 /* Inactive.xib */ = {isa = PBXFileReference; fileEncoding = 4; lastKnownFileType = file.xib; path = Inactive.xib; sourceTree = "<group>"; };
		66BB828D1EDF15AD001157F6 /* Sleeping.xib */ = {isa = PBXFileReference; fileEncoding = 4; lastKnownFileType = file.xib; path = Sleeping.xib; sourceTree = "<group>"; };
		66BB828E1EDF15AD001157F6 /* Studying.xib */ = {isa = PBXFileReference; fileEncoding = 4; lastKnownFileType = file.xib; path = Studying.xib; sourceTree = "<group>"; };
		66BBEC3B1F0BAA5C006232C0 /* Wyd.swift */ = {isa = PBXFileReference; fileEncoding = 4; lastKnownFileType = sourcecode.swift; path = Wyd.swift; sourceTree = "<group>"; };
		66C595851F2206B400177506 /* MBActivityHandler.swift */ = {isa = PBXFileReference; fileEncoding = 4; lastKnownFileType = sourcecode.swift; path = MBActivityHandler.swift; sourceTree = "<group>"; };
		66C595861F2206B400177506 /* mbdata.json */ = {isa = PBXFileReference; fileEncoding = 4; lastKnownFileType = text.json; path = mbdata.json; sourceTree = "<group>"; };
		66C595891F2229B800177506 /* MBmainView.swift */ = {isa = PBXFileReference; fileEncoding = 4; lastKnownFileType = sourcecode.swift; path = MBmainView.swift; sourceTree = "<group>"; };
		66C5958D1F224CC000177506 /* loading.gif */ = {isa = PBXFileReference; lastKnownFileType = image.gif; path = loading.gif; sourceTree = "<group>"; };
		66D4AC441E85265A007B340C /* SleepHandler.swift */ = {isa = PBXFileReference; fileEncoding = 4; lastKnownFileType = sourcecode.swift; path = SleepHandler.swift; sourceTree = "<group>"; };
		66D4AC461E85AA34007B340C /* userHandler.swift */ = {isa = PBXFileReference; fileEncoding = 4; lastKnownFileType = sourcecode.swift; path = userHandler.swift; sourceTree = "<group>"; };
		66EE5D9C1F1CBF4A0025DA0E /* leaderboard.xib */ = {isa = PBXFileReference; fileEncoding = 4; lastKnownFileType = file.xib; path = leaderboard.xib; sourceTree = "<group>"; };
		66EE5D9E1F1CC1560025DA0E /* dummy.png */ = {isa = PBXFileReference; lastKnownFileType = image.png; path = dummy.png; sourceTree = "<group>"; };
		66EE5DA21F1CF5E70025DA0E /* Leaderboard.swift */ = {isa = PBXFileReference; fileEncoding = 4; lastKnownFileType = sourcecode.swift; path = Leaderboard.swift; sourceTree = "<group>"; };
		66EF456C1E96A81D00DFFFC7 /* ViewController.swift */ = {isa = PBXFileReference; fileEncoding = 4; lastKnownFileType = sourcecode.swift; path = ViewController.swift; sourceTree = "<group>"; };
		66EF45701E96AA7300DFFFC7 /* Updates.xib */ = {isa = PBXFileReference; fileEncoding = 4; lastKnownFileType = file.xib; path = Updates.xib; sourceTree = "<group>"; };
		6BFCEEFE1996586A462B637E /* Pods-JPSTests.release.xcconfig */ = {isa = PBXFileReference; includeInIndex = 1; lastKnownFileType = text.xcconfig; name = "Pods-JPSTests.release.xcconfig"; path = "Pods/Target Support Files/Pods-JPSTests/Pods-JPSTests.release.xcconfig"; sourceTree = "<group>"; };
		955E039EB9915FD9A15CE9DE /* Pods_JPSTests.framework */ = {isa = PBXFileReference; explicitFileType = wrapper.framework; includeInIndex = 0; path = Pods_JPSTests.framework; sourceTree = BUILT_PRODUCTS_DIR; };
		A1600E765EE12C72CEB3C486 /* Pods-JPSUITests.debug.xcconfig */ = {isa = PBXFileReference; includeInIndex = 1; lastKnownFileType = text.xcconfig; name = "Pods-JPSUITests.debug.xcconfig"; path = "Pods/Target Support Files/Pods-JPSUITests/Pods-JPSUITests.debug.xcconfig"; sourceTree = "<group>"; };
		A8E49087041357F36B9A55CD /* Pods_JPS.framework */ = {isa = PBXFileReference; explicitFileType = wrapper.framework; includeInIndex = 0; path = Pods_JPS.framework; sourceTree = BUILT_PRODUCTS_DIR; };
		CAD8983AD78026C73E38D0C1 /* jinfo.json */ = {isa = PBXFileReference; fileEncoding = 4; lastKnownFileType = text.json; path = jinfo.json; sourceTree = "<group>"; };
		E045561447AAE40001A377FD /* Pods-JPS.release.xcconfig */ = {isa = PBXFileReference; includeInIndex = 1; lastKnownFileType = text.xcconfig; name = "Pods-JPS.release.xcconfig"; path = "Pods/Target Support Files/Pods-JPS/Pods-JPS.release.xcconfig"; sourceTree = "<group>"; };
		E7DE80CD819AF2214AF61337 /* Pods-JPSTests.debug.xcconfig */ = {isa = PBXFileReference; includeInIndex = 1; lastKnownFileType = text.xcconfig; name = "Pods-JPSTests.debug.xcconfig"; path = "Pods/Target Support Files/Pods-JPSTests/Pods-JPSTests.debug.xcconfig"; sourceTree = "<group>"; };
/* End PBXFileReference section */

/* Begin PBXFrameworksBuildPhase section */
		6687A1091E83057F004554AE /* Frameworks */ = {
			isa = PBXFrameworksBuildPhase;
			buildActionMask = 2147483647;
			files = (
				BBA034282FD97694C95BFE6D /* Pods_JPS.framework in Frameworks */,
			);
			runOnlyForDeploymentPostprocessing = 0;
		};
		6687A1181E830582004554AE /* Frameworks */ = {
			isa = PBXFrameworksBuildPhase;
			buildActionMask = 2147483647;
			files = (
				D0BC8AEC9714AEBF867B5A8D /* Pods_JPSTests.framework in Frameworks */,
			);
			runOnlyForDeploymentPostprocessing = 0;
		};
		6687A1231E830582004554AE /* Frameworks */ = {
			isa = PBXFrameworksBuildPhase;
			buildActionMask = 2147483647;
			files = (
				573C2FB2B606C84EAE5C485E /* Pods_JPSUITests.framework in Frameworks */,
			);
			runOnlyForDeploymentPostprocessing = 0;
		};
/* End PBXFrameworksBuildPhase section */

/* Begin PBXGroup section */
		5B7031988E6E0D111990578E /* Frameworks */ = {
			isa = PBXGroup;
			children = (
				A8E49087041357F36B9A55CD /* Pods_JPS.framework */,
				955E039EB9915FD9A15CE9DE /* Pods_JPSTests.framework */,
				55F09EAA61A210CCD095D658 /* Pods_JPSUITests.framework */,
			);
			name = Frameworks;
			sourceTree = "<group>";
		};
		5F6D8E7738E946189EBD536B /* Pods */ = {
			isa = PBXGroup;
			children = (
				5F36B87D7FDD99569B95AF00 /* Pods-JPS.debug.xcconfig */,
				E045561447AAE40001A377FD /* Pods-JPS.release.xcconfig */,
				E7DE80CD819AF2214AF61337 /* Pods-JPSTests.debug.xcconfig */,
				6BFCEEFE1996586A462B637E /* Pods-JPSTests.release.xcconfig */,
				A1600E765EE12C72CEB3C486 /* Pods-JPSUITests.debug.xcconfig */,
				53487EE9FD503874D52F9349 /* Pods-JPSUITests.release.xcconfig */,
			);
			name = Pods;
			sourceTree = "<group>";
		};
		66134A961F20B58000A891DA /* MenuBar */ = {
			isa = PBXGroup;
			children = (
				66134A971F20B58C00A891DA /* Nibz */,
				66134A991F20B5B900A891DA /* MenuBar.swift */,
				66134A9A1F20B5B900A891DA /* MenuBarVC.swift */,
				66134A9B1F20B5B900A891DA /* EventMonitoring.swift */,
				66C595851F2206B400177506 /* MBActivityHandler.swift */,
				66C595861F2206B400177506 /* mbdata.json */,
				66C595891F2229B800177506 /* MBmainView.swift */,
			);
			name = MenuBar;
			sourceTree = "<group>";
		};
		66134A971F20B58C00A891DA /* Nibz */ = {
			isa = PBXGroup;
			children = (
				66C5958D1F224CC000177506 /* loading.gif */,
				66134A981F20B5B900A891DA /* Main.xib */,
			);
			name = Nibz;
			sourceTree = "<group>";
		};
		6687A1031E83057F004554AE = {
			isa = PBXGroup;
			children = (
				6687A10E1E830580004554AE /* JPS */,
				6687A11E1E830582004554AE /* JPSTests */,
				6687A1291E830582004554AE /* JPSUITests */,
				6687A10D1E830580004554AE /* Products */,
				5F6D8E7738E946189EBD536B /* Pods */,
				5B7031988E6E0D111990578E /* Frameworks */,
			);
			sourceTree = "<group>";
		};
		6687A10D1E830580004554AE /* Products */ = {
			isa = PBXGroup;
			children = (
				6687A10C1E830580004554AE /* JPS.app */,
				6687A11B1E830582004554AE /* JPSTests.xctest */,
				6687A1261E830582004554AE /* JPSUITests.xctest */,
			);
			name = Products;
			sourceTree = "<group>";
		};
		6687A10E1E830580004554AE /* JPS */ = {
			isa = PBXGroup;
			children = (
				66134A961F20B58000A891DA /* MenuBar */,
				66BB826D1EDF0EB4001157F6 /* SplitController */,
				668CD41F1EB1F04D0047AAEF /* Random Images */,
				666730BD1E8C55AA003F40C4 /* JPS.entitlements */,
				6687A10F1E830580004554AE /* AppDelegate.swift */,
				668CD42D1EB249BC0047AAEF /* Activity Handlers */,
				6687A1111E830581004554AE /* Assets.xcassets */,
				6687A1131E830581004554AE /* MainMenu.xib */,
				6687A1161E830581004554AE /* Info.plist */,
				66D4AC461E85AA34007B340C /* userHandler.swift */,
				666730B91E8C42B5003F40C4 /* Pref.swift */,
				668CD41C1EB1E92B0047AAEF /* Pref Xibs */,
				66EF456C1E96A81D00DFFFC7 /* ViewController.swift */,
				6683A46F1EA758BA003461A8 /* dataRetro.swift */,
				668CD4261EB215150047AAEF /* About */,
				CAD8983AD78026C73E38D0C1 /* jinfo.json */,
			);
			path = JPS;
			sourceTree = "<group>";
		};
		6687A11E1E830582004554AE /* JPSTests */ = {
			isa = PBXGroup;
			children = (
				6687A11F1E830582004554AE /* JPSTests.swift */,
				6687A1211E830582004554AE /* Info.plist */,
			);
			path = JPSTests;
			sourceTree = "<group>";
		};
		6687A1291E830582004554AE /* JPSUITests */ = {
			isa = PBXGroup;
			children = (
				6687A12A1E830583004554AE /* JPSUITests.swift */,
				6687A12C1E830583004554AE /* Info.plist */,
			);
			path = JPSUITests;
			sourceTree = "<group>";
		};
		668CD41C1EB1E92B0047AAEF /* Pref Xibs */ = {
			isa = PBXGroup;
			children = (
				666730BA1E8C42B5003F40C4 /* Pref.xib */,
				66EF45701E96AA7300DFFFC7 /* Updates.xib */,
				66795A781E980A86009A0089 /* Upload.xib */,
				663FB5E91EA8BFE500426126 /* LogOut.xib */,
				668CD41D1EB1E9850047AAEF /* General.xib */,
			);
			name = "Pref Xibs";
			sourceTree = "<group>";
		};
		668CD41F1EB1F04D0047AAEF /* Random Images */ = {
			isa = PBXGroup;
			children = (
				668CD42B1EB240F70047AAEF /* icon.png */,
				668CD4201EB1F07C0047AAEF /* mbap.png */,
				668CD4271EB220D60047AAEF /* bgAbout.png */,
				667C4B381EADFD9B0030257B /* close.png */,
				6683A4B41EA7B7F9003461A8 /* collec.png */,
				6683A4B61EA7B81D003461A8 /* logo v2-t.ico */,
				663FB5EB1EA8C38F00426126 /* exit-button-icon-18.png */,
			);
			name = "Random Images";
			sourceTree = "<group>";
		};
		668CD4261EB215150047AAEF /* About */ = {
			isa = PBXGroup;
			children = (
				668CD4221EB215100047AAEF /* about.swift */,
				668CD4231EB215100047AAEF /* about.xib */,
			);
			name = About;
			sourceTree = "<group>";
		};
		668CD42D1EB249BC0047AAEF /* Activity Handlers */ = {
			isa = PBXGroup;
			children = (
				66BB828A1EDF1586001157F6 /* Nibs */,
				66D4AC441E85265A007B340C /* SleepHandler.swift */,
				669CD54F1E885ABD00A0E9FB /* WorkingClass.swift */,
				669CD5531E88623F00A0E9FB /* Inactive.swift */,
				669CD5511E885F6400A0E9FB /* Studying.swift */,
				66BBEC3B1F0BAA5C006232C0 /* Wyd.swift */,
			);
			name = "Activity Handlers";
			sourceTree = "<group>";
		};
		66BB826D1EDF0EB4001157F6 /* SplitController */ = {
			isa = PBXGroup;
			children = (
				66BB827F1EDF1181001157F6 /* Resource */,
				66BB82761EDF1102001157F6 /* Nibs */,
				66BB82741EDF0FB4001157F6 /* TableController.swift */,
				66BB82701EDF0F62001157F6 /* sideBar.swift */,
				66BB82711EDF0F62001157F6 /* JVc.swift */,
				66BB826E1EDF0ED3001157F6 /* Juveni.swift */,
				660451981EE82B880046828C /* AcViewCon.swift */,
				66EE5DA21F1CF5E70025DA0E /* Leaderboard.swift */,
			);
			name = SplitController;
			sourceTree = "<group>";
		};
		66BB82761EDF1102001157F6 /* Nibs */ = {
			isa = PBXGroup;
			children = (
				66BB82771EDF1156001157F6 /* sideBar.xib */,
				66BB82781EDF1156001157F6 /* MostProductiveDay.xib */,
				66BB82791EDF1156001157F6 /* MostProductiveDay.storyboard */,
				66BB827A1EDF1156001157F6 /* detail.xib */,
				660451921EE828770046828C /* Activity.xib */,
				66EE5D9C1F1CBF4A0025DA0E /* leaderboard.xib */,
			);
			name = Nibs;
			sourceTree = "<group>";
		};
		66BB827F1EDF1181001157F6 /* Resource */ = {
			isa = PBXGroup;
			children = (
				66EE5D9E1F1CC1560025DA0E /* dummy.png */,
				6654E4C91EF657F4003608E9 /* study.png */,
				6654E4C71EF65452003608E9 /* inactive.png */,
				660451941EE829E30046828C /* work.png */,
				660451951EE829E30046828C /* sleep.png */,
				66BB82801EDF11AF001157F6 /* el.png */,
				66BB82811EDF11AF001157F6 /* graphup.png */,
				66BB82821EDF11AF001157F6 /* leader.png */,
				66BB82831EDF11AF001157F6 /* trophy.png */,
				66BB82841EDF11AF001157F6 /* yearly.png */,
			);
			name = Resource;
			sourceTree = "<group>";
		};
		66BB828A1EDF1586001157F6 /* Nibs */ = {
			isa = PBXGroup;
			children = (
				6654E4CD1EF6E10D003608E9 /* sl_bg.jpg */,
				66BB828B1EDF15AD001157F6 /* Working.xib */,
				66BB828C1EDF15AD001157F6 /* Inactive.xib */,
				66BB828D1EDF15AD001157F6 /* Sleeping.xib */,
				66BB828E1EDF15AD001157F6 /* Studying.xib */,
			);
			name = Nibs;
			sourceTree = "<group>";
		};
/* End PBXGroup section */

/* Begin PBXNativeTarget section */
		6687A10B1E83057F004554AE /* JPS */ = {
			isa = PBXNativeTarget;
			buildConfigurationList = 6687A12F1E830583004554AE /* Build configuration list for PBXNativeTarget "JPS" */;
			buildPhases = (
				8ACE97DCE5221B681606D539 /* [CP] Check Pods Manifest.lock */,
				6687A1081E83057F004554AE /* Sources */,
				6687A1091E83057F004554AE /* Frameworks */,
				6687A10A1E83057F004554AE /* Resources */,
				45C3227CA08E5785AAB3F14B /* [CP] Embed Pods Frameworks */,
				98066CCC7FB3E0ADEFCC65E3 /* [CP] Copy Pods Resources */,
			);
			buildRules = (
			);
			dependencies = (
			);
			name = JPS;
			productName = JPS;
			productReference = 6687A10C1E830580004554AE /* JPS.app */;
			productType = "com.apple.product-type.application";
		};
		6687A11A1E830582004554AE /* JPSTests */ = {
			isa = PBXNativeTarget;
			buildConfigurationList = 6687A1321E830583004554AE /* Build configuration list for PBXNativeTarget "JPSTests" */;
			buildPhases = (
				2CA1EB3AE2B8F74CFA533EB3 /* [CP] Check Pods Manifest.lock */,
				6687A1171E830582004554AE /* Sources */,
				6687A1181E830582004554AE /* Frameworks */,
				6687A1191E830582004554AE /* Resources */,
				B609F782E1085F03738A8FCF /* [CP] Embed Pods Frameworks */,
				DABDCA3897C4DFA07BF56F3B /* [CP] Copy Pods Resources */,
			);
			buildRules = (
			);
			dependencies = (
				6687A11D1E830582004554AE /* PBXTargetDependency */,
			);
			name = JPSTests;
			productName = JPSTests;
			productReference = 6687A11B1E830582004554AE /* JPSTests.xctest */;
			productType = "com.apple.product-type.bundle.unit-test";
		};
		6687A1251E830582004554AE /* JPSUITests */ = {
			isa = PBXNativeTarget;
			buildConfigurationList = 6687A1351E830583004554AE /* Build configuration list for PBXNativeTarget "JPSUITests" */;
			buildPhases = (
				C2BD8D3183D272B858DF2B83 /* [CP] Check Pods Manifest.lock */,
				6687A1221E830582004554AE /* Sources */,
				6687A1231E830582004554AE /* Frameworks */,
				6687A1241E830582004554AE /* Resources */,
				8908526FBEC45B83534F230F /* [CP] Embed Pods Frameworks */,
				98ED25A6DBE6B883EB820049 /* [CP] Copy Pods Resources */,
			);
			buildRules = (
			);
			dependencies = (
				6687A1281E830582004554AE /* PBXTargetDependency */,
			);
			name = JPSUITests;
			productName = JPSUITests;
			productReference = 6687A1261E830582004554AE /* JPSUITests.xctest */;
			productType = "com.apple.product-type.bundle.ui-testing";
		};
/* End PBXNativeTarget section */

/* Begin PBXProject section */
		6687A1041E83057F004554AE /* Project object */ = {
			isa = PBXProject;
			attributes = {
				LastSwiftUpdateCheck = 0730;
				LastUpgradeCheck = 0830;
				ORGANIZATIONNAME = "Lyshnia Limited";
				TargetAttributes = {
					6687A10B1E83057F004554AE = {
						CreatedOnToolsVersion = 7.3.1;
						DevelopmentTeam = 5Q8G8T8986;
						LastSwiftMigration = 0830;
						SystemCapabilities = {
							com.apple.Sandbox = {
								enabled = 1;
							};
						};
					};
					6687A11A1E830582004554AE = {
						CreatedOnToolsVersion = 7.3.1;
						LastSwiftMigration = 0830;
						TestTargetID = 6687A10B1E83057F004554AE;
					};
					6687A1251E830582004554AE = {
						CreatedOnToolsVersion = 7.3.1;
						LastSwiftMigration = 0830;
						TestTargetID = 6687A10B1E83057F004554AE;
					};
				};
			};
			buildConfigurationList = 6687A1071E83057F004554AE /* Build configuration list for PBXProject "JPS" */;
			compatibilityVersion = "Xcode 3.2";
			developmentRegion = English;
			hasScannedForEncodings = 0;
			knownRegions = (
				en,
				Base,
			);
			mainGroup = 6687A1031E83057F004554AE;
			productRefGroup = 6687A10D1E830580004554AE /* Products */;
			projectDirPath = "";
			projectRoot = "";
			targets = (
				6687A10B1E83057F004554AE /* JPS */,
				6687A11A1E830582004554AE /* JPSTests */,
				6687A1251E830582004554AE /* JPSUITests */,
			);
		};
/* End PBXProject section */

/* Begin PBXResourcesBuildPhase section */
		6687A10A1E83057F004554AE /* Resources */ = {
			isa = PBXResourcesBuildPhase;
			buildActionMask = 2147483647;
			files = (
				668CD4281EB220D60047AAEF /* bgAbout.png in Resources */,
				6683A4B71EA7B81D003461A8 /* logo v2-t.ico in Resources */,
				668CD41E1EB1E9850047AAEF /* General.xib in Resources */,
				66EE5D9F1F1CC1560025DA0E /* dummy.png in Resources */,
				66C595881F2206B400177506 /* mbdata.json in Resources */,
				66BB82891EDF11AF001157F6 /* yearly.png in Resources */,
				660451931EE828770046828C /* Activity.xib in Resources */,
				66EE5D9D1F1CBF4A0025DA0E /* leaderboard.xib in Resources */,
				66BB82921EDF15AD001157F6 /* Studying.xib in Resources */,
				6687A1121E830581004554AE /* Assets.xcassets in Resources */,
				666730BC1E8C42B5003F40C4 /* Pref.xib in Resources */,
				6654E4CE1EF6E10D003608E9 /* sl_bg.jpg in Resources */,
				6654E4C81EF65452003608E9 /* inactive.png in Resources */,
				66134A9C1F20B5B900A891DA /* Main.xib in Resources */,
				66BB827E1EDF1156001157F6 /* detail.xib in Resources */,
				66795A791E980A86009A0089 /* Upload.xib in Resources */,
				66BB827C1EDF1156001157F6 /* MostProductiveDay.xib in Resources */,
				660451961EE829E30046828C /* work.png in Resources */,
				66BB828F1EDF15AD001157F6 /* Working.xib in Resources */,
				66BB82901EDF15AD001157F6 /* Inactive.xib in Resources */,
				66BB82881EDF11AF001157F6 /* trophy.png in Resources */,
				66BB827B1EDF1156001157F6 /* sideBar.xib in Resources */,
				66EF45711E96AA7300DFFFC7 /* Updates.xib in Resources */,
				66BB82851EDF11AF001157F6 /* el.png in Resources */,
				6687A1151E830581004554AE /* MainMenu.xib in Resources */,
				663FB5EC1EA8C38F00426126 /* exit-button-icon-18.png in Resources */,
				66BB82911EDF15AD001157F6 /* Sleeping.xib in Resources */,
				660451971EE829E30046828C /* sleep.png in Resources */,
				668CD4251EB215100047AAEF /* about.xib in Resources */,
				663FB5EA1EA8BFE500426126 /* LogOut.xib in Resources */,
				668CD42C1EB240F70047AAEF /* icon.png in Resources */,
				66BB82871EDF11AF001157F6 /* leader.png in Resources */,
				66BB82861EDF11AF001157F6 /* graphup.png in Resources */,
				667C4B391EADFD9B0030257B /* close.png in Resources */,
				6683A4B51EA7B7F9003461A8 /* collec.png in Resources */,
				668CD4211EB1F07C0047AAEF /* mbap.png in Resources */,
				6654E4CA1EF657F4003608E9 /* study.png in Resources */,
				66C5958E1F224CC000177506 /* loading.gif in Resources */,
				66BB827D1EDF1156001157F6 /* MostProductiveDay.storyboard in Resources */,
				CAD89FE87E66EDCBF9713A1B /* jinfo.json in Resources */,
			);
			runOnlyForDeploymentPostprocessing = 0;
		};
		6687A1191E830582004554AE /* Resources */ = {
			isa = PBXResourcesBuildPhase;
			buildActionMask = 2147483647;
			files = (
			);
			runOnlyForDeploymentPostprocessing = 0;
		};
		6687A1241E830582004554AE /* Resources */ = {
			isa = PBXResourcesBuildPhase;
			buildActionMask = 2147483647;
			files = (
			);
			runOnlyForDeploymentPostprocessing = 0;
		};
/* End PBXResourcesBuildPhase section */

/* Begin PBXShellScriptBuildPhase section */
		2CA1EB3AE2B8F74CFA533EB3 /* [CP] Check Pods Manifest.lock */ = {
			isa = PBXShellScriptBuildPhase;
			buildActionMask = 2147483647;
			files = (
			);
			inputPaths = (
			);
			name = "[CP] Check Pods Manifest.lock";
			outputPaths = (
			);
			runOnlyForDeploymentPostprocessing = 0;
			shellPath = /bin/sh;
			shellScript = "diff \"${PODS_PODFILE_DIR_PATH}/Podfile.lock\" \"${PODS_ROOT}/Manifest.lock\" > /dev/null\nif [ $? != 0 ] ; then\n    # print error to STDERR\n    echo \"error: The sandbox is not in sync with the Podfile.lock. Run 'pod install' or update your CocoaPods installation.\" >&2\n    exit 1\nfi\n";
			showEnvVarsInLog = 0;
		};
		45C3227CA08E5785AAB3F14B /* [CP] Embed Pods Frameworks */ = {
			isa = PBXShellScriptBuildPhase;
			buildActionMask = 2147483647;
			files = (
			);
			inputPaths = (
			);
			name = "[CP] Embed Pods Frameworks";
			outputPaths = (
			);
			runOnlyForDeploymentPostprocessing = 0;
			shellPath = /bin/sh;
			shellScript = "\"${SRCROOT}/Pods/Target Support Files/Pods-JPS/Pods-JPS-frameworks.sh\"\n";
			showEnvVarsInLog = 0;
		};
		8908526FBEC45B83534F230F /* [CP] Embed Pods Frameworks */ = {
			isa = PBXShellScriptBuildPhase;
			buildActionMask = 2147483647;
			files = (
			);
			inputPaths = (
			);
			name = "[CP] Embed Pods Frameworks";
			outputPaths = (
			);
			runOnlyForDeploymentPostprocessing = 0;
			shellPath = /bin/sh;
			shellScript = "\"${SRCROOT}/Pods/Target Support Files/Pods-JPSUITests/Pods-JPSUITests-frameworks.sh\"\n";
			showEnvVarsInLog = 0;
		};
		8ACE97DCE5221B681606D539 /* [CP] Check Pods Manifest.lock */ = {
			isa = PBXShellScriptBuildPhase;
			buildActionMask = 2147483647;
			files = (
			);
			inputPaths = (
			);
			name = "[CP] Check Pods Manifest.lock";
			outputPaths = (
			);
			runOnlyForDeploymentPostprocessing = 0;
			shellPath = /bin/sh;
			shellScript = "diff \"${PODS_PODFILE_DIR_PATH}/Podfile.lock\" \"${PODS_ROOT}/Manifest.lock\" > /dev/null\nif [ $? != 0 ] ; then\n    # print error to STDERR\n    echo \"error: The sandbox is not in sync with the Podfile.lock. Run 'pod install' or update your CocoaPods installation.\" >&2\n    exit 1\nfi\n";
			showEnvVarsInLog = 0;
		};
		98066CCC7FB3E0ADEFCC65E3 /* [CP] Copy Pods Resources */ = {
			isa = PBXShellScriptBuildPhase;
			buildActionMask = 2147483647;
			files = (
			);
			inputPaths = (
			);
			name = "[CP] Copy Pods Resources";
			outputPaths = (
			);
			runOnlyForDeploymentPostprocessing = 0;
			shellPath = /bin/sh;
			shellScript = "\"${SRCROOT}/Pods/Target Support Files/Pods-JPS/Pods-JPS-resources.sh\"\n";
			showEnvVarsInLog = 0;
		};
		98ED25A6DBE6B883EB820049 /* [CP] Copy Pods Resources */ = {
			isa = PBXShellScriptBuildPhase;
			buildActionMask = 2147483647;
			files = (
			);
			inputPaths = (
			);
			name = "[CP] Copy Pods Resources";
			outputPaths = (
			);
			runOnlyForDeploymentPostprocessing = 0;
			shellPath = /bin/sh;
			shellScript = "\"${SRCROOT}/Pods/Target Support Files/Pods-JPSUITests/Pods-JPSUITests-resources.sh\"\n";
			showEnvVarsInLog = 0;
		};
		B609F782E1085F03738A8FCF /* [CP] Embed Pods Frameworks */ = {
			isa = PBXShellScriptBuildPhase;
			buildActionMask = 2147483647;
			files = (
			);
			inputPaths = (
			);
			name = "[CP] Embed Pods Frameworks";
			outputPaths = (
			);
			runOnlyForDeploymentPostprocessing = 0;
			shellPath = /bin/sh;
			shellScript = "\"${SRCROOT}/Pods/Target Support Files/Pods-JPSTests/Pods-JPSTests-frameworks.sh\"\n";
			showEnvVarsInLog = 0;
		};
		C2BD8D3183D272B858DF2B83 /* [CP] Check Pods Manifest.lock */ = {
			isa = PBXShellScriptBuildPhase;
			buildActionMask = 2147483647;
			files = (
			);
			inputPaths = (
			);
			name = "[CP] Check Pods Manifest.lock";
			outputPaths = (
			);
			runOnlyForDeploymentPostprocessing = 0;
			shellPath = /bin/sh;
			shellScript = "diff \"${PODS_PODFILE_DIR_PATH}/Podfile.lock\" \"${PODS_ROOT}/Manifest.lock\" > /dev/null\nif [ $? != 0 ] ; then\n    # print error to STDERR\n    echo \"error: The sandbox is not in sync with the Podfile.lock. Run 'pod install' or update your CocoaPods installation.\" >&2\n    exit 1\nfi\n";
			showEnvVarsInLog = 0;
		};
		DABDCA3897C4DFA07BF56F3B /* [CP] Copy Pods Resources */ = {
			isa = PBXShellScriptBuildPhase;
			buildActionMask = 2147483647;
			files = (
			);
			inputPaths = (
			);
			name = "[CP] Copy Pods Resources";
			outputPaths = (
			);
			runOnlyForDeploymentPostprocessing = 0;
			shellPath = /bin/sh;
			shellScript = "\"${SRCROOT}/Pods/Target Support Files/Pods-JPSTests/Pods-JPSTests-resources.sh\"\n";
			showEnvVarsInLog = 0;
		};
/* End PBXShellScriptBuildPhase section */

/* Begin PBXSourcesBuildPhase section */
		6687A1081E83057F004554AE /* Sources */ = {
			isa = PBXSourcesBuildPhase;
			buildActionMask = 2147483647;
			files = (
				66BB82751EDF0FB4001157F6 /* TableController.swift in Sources */,
				66134A9E1F20B5B900A891DA /* MenuBarVC.swift in Sources */,
				66BBEC3C1F0BAA5C006232C0 /* Wyd.swift in Sources */,
				669CD5501E885ABD00A0E9FB /* WorkingClass.swift in Sources */,
				666730BB1E8C42B5003F40C4 /* Pref.swift in Sources */,
				66D4AC451E85265A007B340C /* SleepHandler.swift in Sources */,
				6683A4701EA758BA003461A8 /* dataRetro.swift in Sources */,
				66BB826F1EDF0ED3001157F6 /* Juveni.swift in Sources */,
				66C5958A1F2229B800177506 /* MBmainView.swift in Sources */,
				66EE5DA31F1CF5E70025DA0E /* Leaderboard.swift in Sources */,
				660451991EE82B880046828C /* AcViewCon.swift in Sources */,
				66BB82731EDF0F62001157F6 /* JVc.swift in Sources */,
				669CD5541E88623F00A0E9FB /* Inactive.swift in Sources */,
				66BB82721EDF0F62001157F6 /* sideBar.swift in Sources */,
				66134A9D1F20B5B900A891DA /* MenuBar.swift in Sources */,
				66C595871F2206B400177506 /* MBActivityHandler.swift in Sources */,
				66134A9F1F20B5B900A891DA /* EventMonitoring.swift in Sources */,
				668CD4241EB215100047AAEF /* about.swift in Sources */,
				669CD5521E885F6400A0E9FB /* Studying.swift in Sources */,
				6687A1101E830580004554AE /* AppDelegate.swift in Sources */,
				66EF456E1E96A81D00DFFFC7 /* ViewController.swift in Sources */,
				66D4AC471E85AA34007B340C /* userHandler.swift in Sources */,
			);
			runOnlyForDeploymentPostprocessing = 0;
		};
		6687A1171E830582004554AE /* Sources */ = {
			isa = PBXSourcesBuildPhase;
			buildActionMask = 2147483647;
			files = (
				6687A1201E830582004554AE /* JPSTests.swift in Sources */,
			);
			runOnlyForDeploymentPostprocessing = 0;
		};
		6687A1221E830582004554AE /* Sources */ = {
			isa = PBXSourcesBuildPhase;
			buildActionMask = 2147483647;
			files = (
				6687A12B1E830583004554AE /* JPSUITests.swift in Sources */,
			);
			runOnlyForDeploymentPostprocessing = 0;
		};
/* End PBXSourcesBuildPhase section */

/* Begin PBXTargetDependency section */
		6687A11D1E830582004554AE /* PBXTargetDependency */ = {
			isa = PBXTargetDependency;
			target = 6687A10B1E83057F004554AE /* JPS */;
			targetProxy = 6687A11C1E830582004554AE /* PBXContainerItemProxy */;
		};
		6687A1281E830582004554AE /* PBXTargetDependency */ = {
			isa = PBXTargetDependency;
			target = 6687A10B1E83057F004554AE /* JPS */;
			targetProxy = 6687A1271E830582004554AE /* PBXContainerItemProxy */;
		};
/* End PBXTargetDependency section */

/* Begin PBXVariantGroup section */
		6687A1131E830581004554AE /* MainMenu.xib */ = {
			isa = PBXVariantGroup;
			children = (
				6687A1141E830581004554AE /* Base */,
			);
			name = MainMenu.xib;
			sourceTree = "<group>";
		};
/* End PBXVariantGroup section */

/* Begin XCBuildConfiguration section */
		6687A12D1E830583004554AE /* Debug */ = {
			isa = XCBuildConfiguration;
			buildSettings = {
				ALWAYS_SEARCH_USER_PATHS = NO;
				CLANG_ANALYZER_NONNULL = YES;
				CLANG_CXX_LANGUAGE_STANDARD = "gnu++0x";
				CLANG_CXX_LIBRARY = "libc++";
				CLANG_ENABLE_MODULES = YES;
				CLANG_ENABLE_OBJC_ARC = YES;
				CLANG_WARN_BOOL_CONVERSION = YES;
				CLANG_WARN_CONSTANT_CONVERSION = YES;
				CLANG_WARN_DIRECT_OBJC_ISA_USAGE = YES_ERROR;
				CLANG_WARN_EMPTY_BODY = YES;
				CLANG_WARN_ENUM_CONVERSION = YES;
				CLANG_WARN_INFINITE_RECURSION = YES;
				CLANG_WARN_INT_CONVERSION = YES;
				CLANG_WARN_OBJC_ROOT_CLASS = YES_ERROR;
				CLANG_WARN_SUSPICIOUS_MOVE = YES;
				CLANG_WARN_UNREACHABLE_CODE = YES;
				CLANG_WARN__DUPLICATE_METHOD_MATCH = YES;
				CODE_SIGN_IDENTITY = "-";
				COPY_PHASE_STRIP = NO;
				DEBUG_INFORMATION_FORMAT = dwarf;
				ENABLE_STRICT_OBJC_MSGSEND = YES;
				ENABLE_TESTABILITY = YES;
				GCC_C_LANGUAGE_STANDARD = gnu99;
				GCC_DYNAMIC_NO_PIC = NO;
				GCC_NO_COMMON_BLOCKS = YES;
				GCC_OPTIMIZATION_LEVEL = 0;
				GCC_PREPROCESSOR_DEFINITIONS = (
					"DEBUG=1",
					"$(inherited)",
				);
				GCC_WARN_64_TO_32_BIT_CONVERSION = YES;
				GCC_WARN_ABOUT_RETURN_TYPE = YES_ERROR;
				GCC_WARN_UNDECLARED_SELECTOR = YES;
				GCC_WARN_UNINITIALIZED_AUTOS = YES_AGGRESSIVE;
				GCC_WARN_UNUSED_FUNCTION = YES;
				GCC_WARN_UNUSED_VARIABLE = YES;
				MACOSX_DEPLOYMENT_TARGET = 10.10;
				MTL_ENABLE_DEBUG_INFO = YES;
				ONLY_ACTIVE_ARCH = YES;
				SDKROOT = macosx;
				SWIFT_OPTIMIZATION_LEVEL = "-Onone";
			};
			name = Debug;
		};
		6687A12E1E830583004554AE /* Release */ = {
			isa = XCBuildConfiguration;
			buildSettings = {
				ALWAYS_SEARCH_USER_PATHS = NO;
				CLANG_ANALYZER_NONNULL = YES;
				CLANG_CXX_LANGUAGE_STANDARD = "gnu++0x";
				CLANG_CXX_LIBRARY = "libc++";
				CLANG_ENABLE_MODULES = YES;
				CLANG_ENABLE_OBJC_ARC = YES;
				CLANG_WARN_BOOL_CONVERSION = YES;
				CLANG_WARN_CONSTANT_CONVERSION = YES;
				CLANG_WARN_DIRECT_OBJC_ISA_USAGE = YES_ERROR;
				CLANG_WARN_EMPTY_BODY = YES;
				CLANG_WARN_ENUM_CONVERSION = YES;
				CLANG_WARN_INFINITE_RECURSION = YES;
				CLANG_WARN_INT_CONVERSION = YES;
				CLANG_WARN_OBJC_ROOT_CLASS = YES_ERROR;
				CLANG_WARN_SUSPICIOUS_MOVE = YES;
				CLANG_WARN_UNREACHABLE_CODE = YES;
				CLANG_WARN__DUPLICATE_METHOD_MATCH = YES;
				CODE_SIGN_IDENTITY = "-";
				COPY_PHASE_STRIP = NO;
				DEBUG_INFORMATION_FORMAT = "dwarf-with-dsym";
				ENABLE_NS_ASSERTIONS = NO;
				ENABLE_STRICT_OBJC_MSGSEND = YES;
				GCC_C_LANGUAGE_STANDARD = gnu99;
				GCC_NO_COMMON_BLOCKS = YES;
				GCC_WARN_64_TO_32_BIT_CONVERSION = YES;
				GCC_WARN_ABOUT_RETURN_TYPE = YES_ERROR;
				GCC_WARN_UNDECLARED_SELECTOR = YES;
				GCC_WARN_UNINITIALIZED_AUTOS = YES_AGGRESSIVE;
				GCC_WARN_UNUSED_FUNCTION = YES;
				GCC_WARN_UNUSED_VARIABLE = YES;
				MACOSX_DEPLOYMENT_TARGET = 10.10;
				MTL_ENABLE_DEBUG_INFO = NO;
				SDKROOT = macosx;
				SWIFT_OPTIMIZATION_LEVEL = "-Owholemodule";
			};
			name = Release;
		};
		6687A1301E830583004554AE /* Debug */ = {
			isa = XCBuildConfiguration;
			baseConfigurationReference = 5F36B87D7FDD99569B95AF00 /* Pods-JPS.debug.xcconfig */;
			buildSettings = {
				ASSETCATALOG_COMPILER_APPICON_NAME = AppIcon;
				CODE_SIGN_ENTITLEMENTS = JPS/JPS.entitlements;
				COMBINE_HIDPI_IMAGES = YES;
				INFOPLIST_FILE = JPS/Info.plist;
				LD_RUNPATH_SEARCH_PATHS = "$(inherited) @executable_path/../Frameworks";
				MACOSX_DEPLOYMENT_TARGET = 10.10;
				PRODUCT_BUNDLE_IDENTIFIER = com.lyshnia.JPS;
				PRODUCT_NAME = "$(TARGET_NAME)";
				SWIFT_VERSION = 3.0;
			};
			name = Debug;
		};
		6687A1311E830583004554AE /* Release */ = {
			isa = XCBuildConfiguration;
			baseConfigurationReference = E045561447AAE40001A377FD /* Pods-JPS.release.xcconfig */;
			buildSettings = {
				ASSETCATALOG_COMPILER_APPICON_NAME = AppIcon;
				CODE_SIGN_ENTITLEMENTS = JPS/JPS.entitlements;
				COMBINE_HIDPI_IMAGES = YES;
				INFOPLIST_FILE = JPS/Info.plist;
				LD_RUNPATH_SEARCH_PATHS = "$(inherited) @executable_path/../Frameworks";
				MACOSX_DEPLOYMENT_TARGET = 10.10;
				PRODUCT_BUNDLE_IDENTIFIER = com.lyshnia.JPS;
				PRODUCT_NAME = "$(TARGET_NAME)";
				SWIFT_VERSION = 3.0;
			};
			name = Release;
		};
		6687A1331E830583004554AE /* Debug */ = {
			isa = XCBuildConfiguration;
			baseConfigurationReference = E7DE80CD819AF2214AF61337 /* Pods-JPSTests.debug.xcconfig */;
			buildSettings = {
				BUNDLE_LOADER = "$(TEST_HOST)";
				COMBINE_HIDPI_IMAGES = YES;
				INFOPLIST_FILE = JPSTests/Info.plist;
				LD_RUNPATH_SEARCH_PATHS = "$(inherited) @executable_path/../Frameworks @loader_path/../Frameworks";
				PRODUCT_BUNDLE_IDENTIFIER = com.lyshnia.JPSTests;
				PRODUCT_NAME = "$(TARGET_NAME)";
				SWIFT_VERSION = 3.0;
				TEST_HOST = "$(BUILT_PRODUCTS_DIR)/JPS.app/Contents/MacOS/JPS";
			};
			name = Debug;
		};
		6687A1341E830583004554AE /* Release */ = {
			isa = XCBuildConfiguration;
			baseConfigurationReference = 6BFCEEFE1996586A462B637E /* Pods-JPSTests.release.xcconfig */;
			buildSettings = {
				BUNDLE_LOADER = "$(TEST_HOST)";
				COMBINE_HIDPI_IMAGES = YES;
				INFOPLIST_FILE = JPSTests/Info.plist;
				LD_RUNPATH_SEARCH_PATHS = "$(inherited) @executable_path/../Frameworks @loader_path/../Frameworks";
				PRODUCT_BUNDLE_IDENTIFIER = com.lyshnia.JPSTests;
				PRODUCT_NAME = "$(TARGET_NAME)";
				SWIFT_VERSION = 3.0;
				TEST_HOST = "$(BUILT_PRODUCTS_DIR)/JPS.app/Contents/MacOS/JPS";
			};
			name = Release;
		};
		6687A1361E830583004554AE /* Debug */ = {
			isa = XCBuildConfiguration;
			baseConfigurationReference = A1600E765EE12C72CEB3C486 /* Pods-JPSUITests.debug.xcconfig */;
			buildSettings = {
				COMBINE_HIDPI_IMAGES = YES;
				INFOPLIST_FILE = JPSUITests/Info.plist;
				LD_RUNPATH_SEARCH_PATHS = "$(inherited) @executable_path/../Frameworks @loader_path/../Frameworks";
				PRODUCT_BUNDLE_IDENTIFIER = com.lyshnia.JPSUITests;
				PRODUCT_NAME = "$(TARGET_NAME)";
				SWIFT_VERSION = 3.0;
				TEST_TARGET_NAME = JPS;
			};
			name = Debug;
		};
		6687A1371E830583004554AE /* Release */ = {
			isa = XCBuildConfiguration;
			baseConfigurationReference = 53487EE9FD503874D52F9349 /* Pods-JPSUITests.release.xcconfig */;
			buildSettings = {
				COMBINE_HIDPI_IMAGES = YES;
				INFOPLIST_FILE = JPSUITests/Info.plist;
				LD_RUNPATH_SEARCH_PATHS = "$(inherited) @executable_path/../Frameworks @loader_path/../Frameworks";
				PRODUCT_BUNDLE_IDENTIFIER = com.lyshnia.JPSUITests;
				PRODUCT_NAME = "$(TARGET_NAME)";
				SWIFT_VERSION = 3.0;
				TEST_TARGET_NAME = JPS;
			};
			name = Release;
		};
/* End XCBuildConfiguration section */

/* Begin XCConfigurationList section */
		6687A1071E83057F004554AE /* Build configuration list for PBXProject "JPS" */ = {
			isa = XCConfigurationList;
			buildConfigurations = (
				6687A12D1E830583004554AE /* Debug */,
				6687A12E1E830583004554AE /* Release */,
			);
			defaultConfigurationIsVisible = 0;
			defaultConfigurationName = Release;
		};
		6687A12F1E830583004554AE /* Build configuration list for PBXNativeTarget "JPS" */ = {
			isa = XCConfigurationList;
			buildConfigurations = (
				6687A1301E830583004554AE /* Debug */,
				6687A1311E830583004554AE /* Release */,
			);
			defaultConfigurationIsVisible = 0;
			defaultConfigurationName = Release;
		};
		6687A1321E830583004554AE /* Build configuration list for PBXNativeTarget "JPSTests" */ = {
			isa = XCConfigurationList;
			buildConfigurations = (
				6687A1331E830583004554AE /* Debug */,
				6687A1341E830583004554AE /* Release */,
			);
			defaultConfigurationIsVisible = 0;
			defaultConfigurationName = Release;
		};
		6687A1351E830583004554AE /* Build configuration list for PBXNativeTarget "JPSUITests" */ = {
			isa = XCConfigurationList;
			buildConfigurations = (
				6687A1361E830583004554AE /* Debug */,
				6687A1371E830583004554AE /* Release */,
			);
			defaultConfigurationIsVisible = 0;
			defaultConfigurationName = Release;
		};
/* End XCConfigurationList section */
	};
	rootObject = 6687A1041E83057F004554AE /* Project object */;
}
